// !$*UTF8*$!
{
	archiveVersion = 1;
	classes = {
	};
	objectVersion = 56;
	objects = {

/* Begin PBXBuildFile section */
		37D1FF04294681E000C9FCA3 /* Tracker_buttonApp.swift in Sources */ = {isa = PBXBuildFile; fileRef = 37D1FF03294681E000C9FCA3 /* Tracker_buttonApp.swift */; };
		37D1FF06294681E000C9FCA3 /* ContentView.swift in Sources */ = {isa = PBXBuildFile; fileRef = 37D1FF05294681E000C9FCA3 /* ContentView.swift */; };
		37D1FF08294681E200C9FCA3 /* Assets.xcassets in Resources */ = {isa = PBXBuildFile; fileRef = 37D1FF07294681E200C9FCA3 /* Assets.xcassets */; };
		37D1FF0B294681E200C9FCA3 /* Preview Assets.xcassets in Resources */ = {isa = PBXBuildFile; fileRef = 37D1FF0A294681E200C9FCA3 /* Preview Assets.xcassets */; };
		37D1FF152946830600C9FCA3 /* LocationManagerViewModel.swift in Sources */ = {isa = PBXBuildFile; fileRef = 37D1FF142946830600C9FCA3 /* LocationManagerViewModel.swift */; };
		37D1FF172946931100C9FCA3 /* MapView.swift in Sources */ = {isa = PBXBuildFile; fileRef = 37D1FF162946931100C9FCA3 /* MapView.swift */; };
		37EC55B02947875C00A3CDEB /* RoutePoint.swift in Sources */ = {isa = PBXBuildFile; fileRef = 37EC55AF2947875C00A3CDEB /* RoutePoint.swift */; };
		37EC55B5294A2D7800A3CDEB /* RoutePointVM.swift in Sources */ = {isa = PBXBuildFile; fileRef = 37EC55B4294A2D7800A3CDEB /* RoutePointVM.swift */; };
		37EC55B7294A2F4A00A3CDEB /* MapRouteView.swift in Sources */ = {isa = PBXBuildFile; fileRef = 37EC55B6294A2F4A00A3CDEB /* MapRouteView.swift */; };
		E760B2A829491E3D00643386 /* UserModel.swift in Sources */ = {isa = PBXBuildFile; fileRef = E760B2A729491E3D00643386 /* UserModel.swift */; };
		E760B2AC2949D03400643386 /* UserViewModel.swift in Sources */ = {isa = PBXBuildFile; fileRef = E760B2AB2949D03400643386 /* UserViewModel.swift */; };
/* End PBXBuildFile section */

/* Begin PBXFileReference section */
		37D1FF00294681E000C9FCA3 /* Tracker_button.app */ = {isa = PBXFileReference; explicitFileType = wrapper.application; includeInIndex = 0; path = Tracker_button.app; sourceTree = BUILT_PRODUCTS_DIR; };
		37D1FF03294681E000C9FCA3 /* Tracker_buttonApp.swift */ = {isa = PBXFileReference; lastKnownFileType = sourcecode.swift; path = Tracker_buttonApp.swift; sourceTree = "<group>"; };
		37D1FF05294681E000C9FCA3 /* ContentView.swift */ = {isa = PBXFileReference; lastKnownFileType = sourcecode.swift; path = ContentView.swift; sourceTree = "<group>"; };
		37D1FF07294681E200C9FCA3 /* Assets.xcassets */ = {isa = PBXFileReference; lastKnownFileType = folder.assetcatalog; path = Assets.xcassets; sourceTree = "<group>"; };
		37D1FF0A294681E200C9FCA3 /* Preview Assets.xcassets */ = {isa = PBXFileReference; lastKnownFileType = folder.assetcatalog; path = "Preview Assets.xcassets"; sourceTree = "<group>"; };
		37D1FF132946823800C9FCA3 /* Tracker-button-Info.plist */ = {isa = PBXFileReference; lastKnownFileType = text.plist; path = "Tracker-button-Info.plist"; sourceTree = SOURCE_ROOT; };
		37D1FF142946830600C9FCA3 /* LocationManagerViewModel.swift */ = {isa = PBXFileReference; lastKnownFileType = sourcecode.swift; path = LocationManagerViewModel.swift; sourceTree = "<group>"; };
		37D1FF162946931100C9FCA3 /* MapView.swift */ = {isa = PBXFileReference; lastKnownFileType = sourcecode.swift; path = MapView.swift; sourceTree = "<group>"; };
		37EC55AF2947875C00A3CDEB /* RoutePoint.swift */ = {isa = PBXFileReference; lastKnownFileType = sourcecode.swift; path = RoutePoint.swift; sourceTree = "<group>"; };
		37EC55B4294A2D7800A3CDEB /* RoutePointVM.swift */ = {isa = PBXFileReference; lastKnownFileType = sourcecode.swift; path = RoutePointVM.swift; sourceTree = "<group>"; };
		37EC55B6294A2F4A00A3CDEB /* MapRouteView.swift */ = {isa = PBXFileReference; lastKnownFileType = sourcecode.swift; path = MapRouteView.swift; sourceTree = "<group>"; };
		E760B2A729491E3D00643386 /* UserModel.swift */ = {isa = PBXFileReference; lastKnownFileType = sourcecode.swift; path = UserModel.swift; sourceTree = "<group>"; };
		E760B2AB2949D03400643386 /* UserViewModel.swift */ = {isa = PBXFileReference; lastKnownFileType = sourcecode.swift; path = UserViewModel.swift; sourceTree = "<group>"; };
/* End PBXFileReference section */

/* Begin PBXFrameworksBuildPhase section */
		37D1FEFD294681E000C9FCA3 /* Frameworks */ = {
			isa = PBXFrameworksBuildPhase;
			buildActionMask = 2147483647;
			files = (
			);
			runOnlyForDeploymentPostprocessing = 0;
		};
/* End PBXFrameworksBuildPhase section */

/* Begin PBXGroup section */
		37D1FEF7294681E000C9FCA3 = {
			isa = PBXGroup;
			children = (
				37D1FF02294681E000C9FCA3 /* Tracker_button */,
				37D1FF01294681E000C9FCA3 /* Products */,
			);
			sourceTree = "<group>";
		};
		37D1FF01294681E000C9FCA3 /* Products */ = {
			isa = PBXGroup;
			children = (
				37D1FF00294681E000C9FCA3 /* Tracker_button.app */,
			);
			name = Products;
			sourceTree = "<group>";
		};
		37D1FF02294681E000C9FCA3 /* Tracker_button */ = {
			isa = PBXGroup;
			children = (
				37D1FF132946823800C9FCA3 /* Tracker-button-Info.plist */,
				37D1FF03294681E000C9FCA3 /* Tracker_buttonApp.swift */,
				37D1FF112946822200C9FCA3 /* Models */,
				E760B2AD2949D0EC00643386 /* ViewModels */,
				37D1FF122946822B00C9FCA3 /* Views */,
				37D1FF07294681E200C9FCA3 /* Assets.xcassets */,
				37D1FF09294681E200C9FCA3 /* Preview Content */,
			);
			path = Tracker_button;
			sourceTree = "<group>";
		};
		37D1FF09294681E200C9FCA3 /* Preview Content */ = {
			isa = PBXGroup;
			children = (
				37D1FF0A294681E200C9FCA3 /* Preview Assets.xcassets */,
			);
			path = "Preview Content";
			sourceTree = "<group>";
		};
		37D1FF112946822200C9FCA3 /* Models */ = {
			isa = PBXGroup;
			children = (
				37D1FF142946830600C9FCA3 /* LocationManagerViewModel.swift */,
				37EC55AF2947875C00A3CDEB /* RoutePoint.swift */,
				E760B2A729491E3D00643386 /* UserModel.swift */,
			);
			path = Models;
			sourceTree = "<group>";
		};
		37D1FF122946822B00C9FCA3 /* Views */ = {
			isa = PBXGroup;
			children = (
				37D1FF05294681E000C9FCA3 /* ContentView.swift */,
				37D1FF162946931100C9FCA3 /* MapView.swift */,
				37EC55B6294A2F4A00A3CDEB /* MapRouteView.swift */,
			);
			path = Views;
			sourceTree = "<group>";
		};
		E760B2AD2949D0EC00643386 /* ViewModels */ = {
			isa = PBXGroup;
			children = (
				E760B2AB2949D03400643386 /* UserViewModel.swift */,
				37EC55B4294A2D7800A3CDEB /* RoutePointVM.swift */,
			);
			path = ViewModels;
			sourceTree = "<group>";
		};
/* End PBXGroup section */

/* Begin PBXNativeTarget section */
		37D1FEFF294681E000C9FCA3 /* Tracker_button */ = {
			isa = PBXNativeTarget;
			buildConfigurationList = 37D1FF0E294681E200C9FCA3 /* Build configuration list for PBXNativeTarget "Tracker_button" */;
			buildPhases = (
				37D1FEFC294681E000C9FCA3 /* Sources */,
				37D1FEFD294681E000C9FCA3 /* Frameworks */,
				37D1FEFE294681E000C9FCA3 /* Resources */,
			);
			buildRules = (
			);
			dependencies = (
			);
			name = Tracker_button;
			productName = Tracker_button;
			productReference = 37D1FF00294681E000C9FCA3 /* Tracker_button.app */;
			productType = "com.apple.product-type.application";
		};
/* End PBXNativeTarget section */

/* Begin PBXProject section */
		37D1FEF8294681E000C9FCA3 /* Project object */ = {
			isa = PBXProject;
			attributes = {
				BuildIndependentTargetsInParallel = 1;
				LastSwiftUpdateCheck = 1410;
				LastUpgradeCheck = 1410;
				TargetAttributes = {
					37D1FEFF294681E000C9FCA3 = {
						CreatedOnToolsVersion = 14.1;
					};
				};
			};
			buildConfigurationList = 37D1FEFB294681E000C9FCA3 /* Build configuration list for PBXProject "Tracker_button" */;
			compatibilityVersion = "Xcode 14.0";
			developmentRegion = en;
			hasScannedForEncodings = 0;
			knownRegions = (
				en,
				Base,
			);
			mainGroup = 37D1FEF7294681E000C9FCA3;
			productRefGroup = 37D1FF01294681E000C9FCA3 /* Products */;
			projectDirPath = "";
			projectRoot = "";
			targets = (
				37D1FEFF294681E000C9FCA3 /* Tracker_button */,
			);
		};
/* End PBXProject section */

/* Begin PBXResourcesBuildPhase section */
		37D1FEFE294681E000C9FCA3 /* Resources */ = {
			isa = PBXResourcesBuildPhase;
			buildActionMask = 2147483647;
			files = (
				37D1FF0B294681E200C9FCA3 /* Preview Assets.xcassets in Resources */,
				37D1FF08294681E200C9FCA3 /* Assets.xcassets in Resources */,
			);
			runOnlyForDeploymentPostprocessing = 0;
		};
/* End PBXResourcesBuildPhase section */

/* Begin PBXSourcesBuildPhase section */
		37D1FEFC294681E000C9FCA3 /* Sources */ = {
			isa = PBXSourcesBuildPhase;
			buildActionMask = 2147483647;
			files = (
				37D1FF06294681E000C9FCA3 /* ContentView.swift in Sources */,
				37EC55B5294A2D7800A3CDEB /* RoutePointVM.swift in Sources */,
				E760B2AC2949D03400643386 /* UserViewModel.swift in Sources */,
				E760B2A829491E3D00643386 /* UserModel.swift in Sources */,
				37EC55B7294A2F4A00A3CDEB /* MapRouteView.swift in Sources */,
				37EC55B02947875C00A3CDEB /* RoutePoint.swift in Sources */,
				37D1FF04294681E000C9FCA3 /* Tracker_buttonApp.swift in Sources */,
				37D1FF172946931100C9FCA3 /* MapView.swift in Sources */,
				37D1FF152946830600C9FCA3 /* LocationManagerViewModel.swift in Sources */,
			);
			runOnlyForDeploymentPostprocessing = 0;
		};
/* End PBXSourcesBuildPhase section */

/* Begin XCBuildConfiguration section */
		37D1FF0C294681E200C9FCA3 /* Debug */ = {
			isa = XCBuildConfiguration;
			buildSettings = {
				ALWAYS_SEARCH_USER_PATHS = NO;
				CLANG_ANALYZER_NONNULL = YES;
				CLANG_ANALYZER_NUMBER_OBJECT_CONVERSION = YES_AGGRESSIVE;
				CLANG_CXX_LANGUAGE_STANDARD = "gnu++20";
				CLANG_ENABLE_MODULES = YES;
				CLANG_ENABLE_OBJC_ARC = YES;
				CLANG_ENABLE_OBJC_WEAK = YES;
				CLANG_WARN_BLOCK_CAPTURE_AUTORELEASING = YES;
				CLANG_WARN_BOOL_CONVERSION = YES;
				CLANG_WARN_COMMA = YES;
				CLANG_WARN_CONSTANT_CONVERSION = YES;
				CLANG_WARN_DEPRECATED_OBJC_IMPLEMENTATIONS = YES;
				CLANG_WARN_DIRECT_OBJC_ISA_USAGE = YES_ERROR;
				CLANG_WARN_DOCUMENTATION_COMMENTS = YES;
				CLANG_WARN_EMPTY_BODY = YES;
				CLANG_WARN_ENUM_CONVERSION = YES;
				CLANG_WARN_INFINITE_RECURSION = YES;
				CLANG_WARN_INT_CONVERSION = YES;
				CLANG_WARN_NON_LITERAL_NULL_CONVERSION = YES;
				CLANG_WARN_OBJC_IMPLICIT_RETAIN_SELF = YES;
				CLANG_WARN_OBJC_LITERAL_CONVERSION = YES;
				CLANG_WARN_OBJC_ROOT_CLASS = YES_ERROR;
				CLANG_WARN_QUOTED_INCLUDE_IN_FRAMEWORK_HEADER = YES;
				CLANG_WARN_RANGE_LOOP_ANALYSIS = YES;
				CLANG_WARN_STRICT_PROTOTYPES = YES;
				CLANG_WARN_SUSPICIOUS_MOVE = YES;
				CLANG_WARN_UNGUARDED_AVAILABILITY = YES_AGGRESSIVE;
				CLANG_WARN_UNREACHABLE_CODE = YES;
				CLANG_WARN__DUPLICATE_METHOD_MATCH = YES;
				COPY_PHASE_STRIP = NO;
				DEBUG_INFORMATION_FORMAT = dwarf;
				ENABLE_STRICT_OBJC_MSGSEND = YES;
				ENABLE_TESTABILITY = YES;
				GCC_C_LANGUAGE_STANDARD = gnu11;
				GCC_DYNAMIC_NO_PIC = NO;
				GCC_NO_COMMON_BLOCKS = YES;
				GCC_OPTIMIZATION_LEVEL = 0;
				GCC_PREPROCESSOR_DEFINITIONS = (
					"DEBUG=1",
					"$(inherited)",
				);
				GCC_WARN_64_TO_32_BIT_CONVERSION = YES;
				GCC_WARN_ABOUT_RETURN_TYPE = YES_ERROR;
				GCC_WARN_UNDECLARED_SELECTOR = YES;
				GCC_WARN_UNINITIALIZED_AUTOS = YES_AGGRESSIVE;
				GCC_WARN_UNUSED_FUNCTION = YES;
				GCC_WARN_UNUSED_VARIABLE = YES;
				IPHONEOS_DEPLOYMENT_TARGET = 16.1;
				MTL_ENABLE_DEBUG_INFO = INCLUDE_SOURCE;
				MTL_FAST_MATH = YES;
				ONLY_ACTIVE_ARCH = YES;
				SDKROOT = iphoneos;
				SWIFT_ACTIVE_COMPILATION_CONDITIONS = DEBUG;
				SWIFT_OPTIMIZATION_LEVEL = "-Onone";
			};
			name = Debug;
		};
		37D1FF0D294681E200C9FCA3 /* Release */ = {
			isa = XCBuildConfiguration;
			buildSettings = {
				ALWAYS_SEARCH_USER_PATHS = NO;
				CLANG_ANALYZER_NONNULL = YES;
				CLANG_ANALYZER_NUMBER_OBJECT_CONVERSION = YES_AGGRESSIVE;
				CLANG_CXX_LANGUAGE_STANDARD = "gnu++20";
				CLANG_ENABLE_MODULES = YES;
				CLANG_ENABLE_OBJC_ARC = YES;
				CLANG_ENABLE_OBJC_WEAK = YES;
				CLANG_WARN_BLOCK_CAPTURE_AUTORELEASING = YES;
				CLANG_WARN_BOOL_CONVERSION = YES;
				CLANG_WARN_COMMA = YES;
				CLANG_WARN_CONSTANT_CONVERSION = YES;
				CLANG_WARN_DEPRECATED_OBJC_IMPLEMENTATIONS = YES;
				CLANG_WARN_DIRECT_OBJC_ISA_USAGE = YES_ERROR;
				CLANG_WARN_DOCUMENTATION_COMMENTS = YES;
				CLANG_WARN_EMPTY_BODY = YES;
				CLANG_WARN_ENUM_CONVERSION = YES;
				CLANG_WARN_INFINITE_RECURSION = YES;
				CLANG_WARN_INT_CONVERSION = YES;
				CLANG_WARN_NON_LITERAL_NULL_CONVERSION = YES;
				CLANG_WARN_OBJC_IMPLICIT_RETAIN_SELF = YES;
				CLANG_WARN_OBJC_LITERAL_CONVERSION = YES;
				CLANG_WARN_OBJC_ROOT_CLASS = YES_ERROR;
				CLANG_WARN_QUOTED_INCLUDE_IN_FRAMEWORK_HEADER = YES;
				CLANG_WARN_RANGE_LOOP_ANALYSIS = YES;
				CLANG_WARN_STRICT_PROTOTYPES = YES;
				CLANG_WARN_SUSPICIOUS_MOVE = YES;
				CLANG_WARN_UNGUARDED_AVAILABILITY = YES_AGGRESSIVE;
				CLANG_WARN_UNREACHABLE_CODE = YES;
				CLANG_WARN__DUPLICATE_METHOD_MATCH = YES;
				COPY_PHASE_STRIP = NO;
				DEBUG_INFORMATION_FORMAT = "dwarf-with-dsym";
				ENABLE_NS_ASSERTIONS = NO;
				ENABLE_STRICT_OBJC_MSGSEND = YES;
				GCC_C_LANGUAGE_STANDARD = gnu11;
				GCC_NO_COMMON_BLOCKS = YES;
				GCC_WARN_64_TO_32_BIT_CONVERSION = YES;
				GCC_WARN_ABOUT_RETURN_TYPE = YES_ERROR;
				GCC_WARN_UNDECLARED_SELECTOR = YES;
				GCC_WARN_UNINITIALIZED_AUTOS = YES_AGGRESSIVE;
				GCC_WARN_UNUSED_FUNCTION = YES;
				GCC_WARN_UNUSED_VARIABLE = YES;
				IPHONEOS_DEPLOYMENT_TARGET = 16.1;
				MTL_ENABLE_DEBUG_INFO = NO;
				MTL_FAST_MATH = YES;
				SDKROOT = iphoneos;
				SWIFT_COMPILATION_MODE = wholemodule;
				SWIFT_OPTIMIZATION_LEVEL = "-O";
				VALIDATE_PRODUCT = YES;
			};
			name = Release;
		};
		37D1FF0F294681E200C9FCA3 /* Debug */ = {
			isa = XCBuildConfiguration;
			buildSettings = {
				ASSETCATALOG_COMPILER_APPICON_NAME = AppIcon;
				ASSETCATALOG_COMPILER_GLOBAL_ACCENT_COLOR_NAME = AccentColor;
				CODE_SIGN_STYLE = Manual;
				CURRENT_PROJECT_VERSION = 1;
				DEVELOPMENT_ASSET_PATHS = "\"Tracker_button/Preview Content\"";
				DEVELOPMENT_TEAM = "";
				ENABLE_PREVIEWS = YES;
				GENERATE_INFOPLIST_FILE = YES;
				INFOPLIST_FILE = "Tracker-button-Info.plist";
				INFOPLIST_KEY_CFBundleDisplayName = "Tracker-button";
				INFOPLIST_KEY_LSApplicationCategoryType = "";
				INFOPLIST_KEY_NSLocationWhenInUseUsageDescription = "The App needs permission to provide service";
				INFOPLIST_KEY_UIApplicationSceneManifest_Generation = YES;
				INFOPLIST_KEY_UIApplicationSupportsIndirectInputEvents = YES;
				INFOPLIST_KEY_UILaunchScreen_Generation = YES;
				INFOPLIST_KEY_UISupportedInterfaceOrientations_iPad = "UIInterfaceOrientationPortrait UIInterfaceOrientationPortraitUpsideDown UIInterfaceOrientationLandscapeLeft UIInterfaceOrientationLandscapeRight";
				INFOPLIST_KEY_UISupportedInterfaceOrientations_iPhone = "UIInterfaceOrientationPortrait UIInterfaceOrientationLandscapeLeft UIInterfaceOrientationLandscapeRight";
				IPHONEOS_DEPLOYMENT_TARGET = 16.0;
				LD_RUNPATH_SEARCH_PATHS = (
					"$(inherited)",
					"@executable_path/Frameworks",
				);
				MARKETING_VERSION = 1.0;
				PRODUCT_BUNDLE_IDENTIFIER = "com.illyshelly.Tracker-button";
				PRODUCT_NAME = "$(TARGET_NAME)";
				PROVISIONING_PROFILE_SPECIFIER = "";
				SWIFT_EMIT_LOC_STRINGS = YES;
				SWIFT_VERSION = 5.0;
				TARGETED_DEVICE_FAMILY = "1,2";
			};
			name = Debug;
		};
		37D1FF10294681E200C9FCA3 /* Release */ = {
			isa = XCBuildConfiguration;
			buildSettings = {
				ASSETCATALOG_COMPILER_APPICON_NAME = AppIcon;
				ASSETCATALOG_COMPILER_GLOBAL_ACCENT_COLOR_NAME = AccentColor;
				CODE_SIGN_STYLE = Manual;
				CURRENT_PROJECT_VERSION = 1;
				DEVELOPMENT_ASSET_PATHS = "\"Tracker_button/Preview Content\"";
				DEVELOPMENT_TEAM = "";
				ENABLE_PREVIEWS = YES;
				GENERATE_INFOPLIST_FILE = YES;
				INFOPLIST_FILE = "Tracker-button-Info.plist";
				INFOPLIST_KEY_CFBundleDisplayName = "Tracker-button";
				INFOPLIST_KEY_LSApplicationCategoryType = "";
				INFOPLIST_KEY_NSLocationWhenInUseUsageDescription = "The App needs permission to provide service";
				INFOPLIST_KEY_UIApplicationSceneManifest_Generation = YES;
				INFOPLIST_KEY_UIApplicationSupportsIndirectInputEvents = YES;
				INFOPLIST_KEY_UILaunchScreen_Generation = YES;
				INFOPLIST_KEY_UISupportedInterfaceOrientations_iPad = "UIInterfaceOrientationPortrait UIInterfaceOrientationPortraitUpsideDown UIInterfaceOrientationLandscapeLeft UIInterfaceOrientationLandscapeRight";
				INFOPLIST_KEY_UISupportedInterfaceOrientations_iPhone = "UIInterfaceOrientationPortrait UIInterfaceOrientationLandscapeLeft UIInterfaceOrientationLandscapeRight";
				IPHONEOS_DEPLOYMENT_TARGET = 16.0;
				LD_RUNPATH_SEARCH_PATHS = (
					"$(inherited)",
					"@executable_path/Frameworks",
				);
				MARKETING_VERSION = 1.0;
				PRODUCT_BUNDLE_IDENTIFIER = "com.illyshelly.Tracker-button";
				PRODUCT_NAME = "$(TARGET_NAME)";
				PROVISIONING_PROFILE_SPECIFIER = "";
				SWIFT_EMIT_LOC_STRINGS = YES;
				SWIFT_VERSION = 5.0;
				TARGETED_DEVICE_FAMILY = "1,2";
			};
			name = Release;
		};
/* End XCBuildConfiguration section */

/* Begin XCConfigurationList section */
		37D1FEFB294681E000C9FCA3 /* Build configuration list for PBXProject "Tracker_button" */ = {
			isa = XCConfigurationList;
			buildConfigurations = (
				37D1FF0C294681E200C9FCA3 /* Debug */,
				37D1FF0D294681E200C9FCA3 /* Release */,
			);
			defaultConfigurationIsVisible = 0;
			defaultConfigurationName = Release;
		};
		37D1FF0E294681E200C9FCA3 /* Build configuration list for PBXNativeTarget "Tracker_button" */ = {
			isa = XCConfigurationList;
			buildConfigurations = (
				37D1FF0F294681E200C9FCA3 /* Debug */,
				37D1FF10294681E200C9FCA3 /* Release */,
			);
			defaultConfigurationIsVisible = 0;
			defaultConfigurationName = Release;
		};
/* End XCConfigurationList section */
	};
	rootObject = 37D1FEF8294681E000C9FCA3 /* Project object */;
}
